
Microsoft Visual Studio Solution File, Format Version 12.00
# Visual Studio Version 17
VisualStudioVersion = 17.11.35303.130
MinimumVisualStudioVersion = 10.0.40219.1
Project("{FAE04EC0-301F-11D3-BF4B-00C04F79EFBC}") = "21_2251172297_DoTriDung_TH2", "21_2251172297_DoTriDung_TH2\21_2251172297_DoTriDung_TH2.csproj", "{DB9F9019-C7BA-47F9-93DF-2F4B9E2F3D5C}"
EndProject
Global
	GlobalSection(SolutionConfigurationPlatforms) = preSolution
		Debug|Any CPU = Debug|Any CPU
		Release|Any CPU = Release|Any CPU
	EndGlobalSection
	GlobalSection(ProjectConfigurationPlatforms) = postSolution
		{DB9F9019-C7BA-47F9-93DF-2F4B9E2F3D5C}.Debug|Any CPU.ActiveCfg = Debug|Any CPU
		{DB9F9019-C7BA-47F9-93DF-2F4B9E2F3D5C}.Debug|Any CPU.Build.0 = Debug|Any CPU
		{DB9F9019-C7BA-47F9-93DF-2F4B9E2F3D5C}.Release|Any CPU.ActiveCfg = Release|Any CPU
		{DB9F9019-C7BA-47F9-93DF-2F4B9E2F3D5C}.Release|Any CPU.Build.0 = Release|Any CPU
	EndGlobalSection
	GlobalSection(SolutionProperties) = preSolution
		HideSolutionNode = FALSE
	EndGlobalSection
	GlobalSection(ExtensibilityGlobals) = postSolution
		SolutionGuid = {D6EEBFBF-5BF4-4B46-8367-95E627996942}
	EndGlobalSection
EndGlobal
