
Microsoft Visual Studio Solution File, Format Version 12.00
# Visual Studio Version 17
VisualStudioVersion = 17.11.35303.130
MinimumVisualStudioVersion = 10.0.40219.1
Project("{FAE04EC0-301F-11D3-BF4B-00C04F79EFBC}") = "21_2251172297_DoTriDung_TH1", "21_2251172297_DoTriDung_TH1\21_2251172297_DoTriDung_TH1.csproj", "{B2DA7A24-FE38-4F85-AE2C-FB6C553D1594}"
EndProject
Global
	GlobalSection(SolutionConfigurationPlatforms) = preSolution
		Debug|Any CPU = Debug|Any CPU
		Release|Any CPU = Release|Any CPU
	EndGlobalSection
	GlobalSection(ProjectConfigurationPlatforms) = postSolution
		{B2DA7A24-FE38-4F85-AE2C-FB6C553D1594}.Debug|Any CPU.ActiveCfg = Debug|Any CPU
		{B2DA7A24-FE38-4F85-AE2C-FB6C553D1594}.Debug|Any CPU.Build.0 = Debug|Any CPU
		{B2DA7A24-FE38-4F85-AE2C-FB6C553D1594}.Release|Any CPU.ActiveCfg = Release|Any CPU
		{B2DA7A24-FE38-4F85-AE2C-FB6C553D1594}.Release|Any CPU.Build.0 = Release|Any CPU
	EndGlobalSection
	GlobalSection(SolutionProperties) = preSolution
		HideSolutionNode = FALSE
	EndGlobalSection
	GlobalSection(ExtensibilityGlobals) = postSolution
		SolutionGuid = {780451C9-9F85-4902-AB1F-871856CB2A67}
	EndGlobalSection
EndGlobal
